<?xml version="1.0" encoding="utf-8"?>
<Project ToolsVersion="4.0" xmlns="http://schemas.microsoft.com/developer/msbuild/2003">
  <ItemGroup>
    <Filter Include="Source Files">
      <UniqueIdentifier>{c4e3ae14-1bd1-45de-bc3c-db699f26ecec}</UniqueIdentifier>
      <Extensions>cpp;c;cxx;rc;def;r;odl;idl;hpj;bat</Extensions>
    </Filter>
    <Filter Include="Header Files">
      <UniqueIdentifier>{6e412eda-8417-49d7-9930-4aae95d79929}</UniqueIdentifier>
      <Extensions>h;hpp;hxx;hm;inl</Extensions>
    </Filter>
    <Filter Include="Resource Files">
      <UniqueIdentifier>{cb7b5852-94b8-44e0-94a2-0f95e7559947}</UniqueIdentifier>
      <Extensions>ico;cur;bmp;dlg;rc2;rct;bin;rgs;gif;jpg;jpeg;jpe</Extensions>
    </Filter>
  </ItemGroup>
  <ItemGroup>
    <ClCompile Include="ChanMoniDlg.cpp">
      <Filter>Source Files</Filter>
    </ClCompile>
    <ClCompile Include="ChildFrm.cpp">
      <Filter>Source Files</Filter>
    </ClCompile>
    <ClCompile Include="ClassifyDlg.cpp">
      <Filter>Source Files</Filter>
    </ClCompile>
    <ClCompile Include="DisTransDlg.cpp">
      <Filter>Source Files</Filter>
    </ClCompile>
    <ClCompile Include="HISFusionDlg.cpp">
      <Filter>Source Files</Filter>
    </ClCompile>
    <ClCompile Include="HistogramDlg.cpp">
      <Filter>Source Files</Filter>
    </ClCompile>
    <ClCompile Include="ImageInfo.cpp">
      <Filter>Source Files</Filter>
    </ClCompile>
    <ClCompile Include="ImageProcess.cpp">
      <Filter>Source Files</Filter>
    </ClCompile>
    <ClCompile Include="ImageProcessDoc.cpp">
      <Filter>Source Files</Filter>
    </ClCompile>
    <ClCompile Include="ImageProcessView.cpp">
      <Filter>Source Files</Filter>
    </ClCompile>
    <ClCompile Include="ISODATA.cpp">
      <Filter>Source Files</Filter>
    </ClCompile>
    <ClCompile Include="KLTransDlg.cpp">
      <Filter>Source Files</Filter>
    </ClCompile>
    <ClCompile Include="LadarPointDlg.cpp">
      <Filter>Source Files</Filter>
    </ClCompile>
    <ClCompile Include="LinearEnhanceDlg.cpp">
      <Filter>Source Files</Filter>
    </ClCompile>
    <ClCompile Include="MainFrm.cpp">
      <Filter>Source Files</Filter>
    </ClCompile>
    <ClCompile Include="Morphology.cpp">
      <Filter>Source Files</Filter>
    </ClCompile>
    <ClCompile Include="NDVIDlg.cpp">
      <Filter>Source Files</Filter>
    </ClCompile>
    <ClCompile Include="Openraw.cpp">
      <Filter>Source Files</Filter>
    </ClCompile>
    <ClCompile Include="PeakDetectDlg.cpp">
      <Filter>Source Files</Filter>
    </ClCompile>
    <ClCompile Include="PointTrans.cpp">
      <Filter>Source Files</Filter>
    </ClCompile>
    <ClCompile Include="RotateDlg.cpp">
      <Filter>Source Files</Filter>
    </ClCompile>
    <ClCompile Include="StdAfx.cpp">
      <Filter>Source Files</Filter>
    </ClCompile>
    <ClCompile Include="ZoomDlg.cpp">
      <Filter>Source Files</Filter>
    </ClCompile>
    <ClCompile Include="TestView.cpp">
      <Filter>Source Files</Filter>
    </ClCompile>
    <ClCompile Include="ViewTestDlg.cpp">
      <Filter>Source Files</Filter>
    </ClCompile>
  </ItemGroup>
  <ItemGroup>
    <ClInclude Include="ChanMoniDlg.h">
      <Filter>Header Files</Filter>
    </ClInclude>
    <ClInclude Include="ChildFrm.h">
      <Filter>Header Files</Filter>
    </ClInclude>
    <ClInclude Include="ClassifyDlg.h">
      <Filter>Header Files</Filter>
    </ClInclude>
    <ClInclude Include="DisTransDlg.h">
      <Filter>Header Files</Filter>
    </ClInclude>
    <ClInclude Include="HISFusionDlg.h">
      <Filter>Header Files</Filter>
    </ClInclude>
    <ClInclude Include="HistogramDlg.h">
      <Filter>Header Files</Filter>
    </ClInclude>
    <ClInclude Include="ImageInfo.h">
      <Filter>Header Files</Filter>
    </ClInclude>
    <ClInclude Include="ImageProcess.h">
      <Filter>Header Files</Filter>
    </ClInclude>
    <ClInclude Include="ImageProcessDoc.h">
      <Filter>Header Files</Filter>
    </ClInclude>
    <ClInclude Include="ImageProcessView.h">
      <Filter>Header Files</Filter>
    </ClInclude>
    <ClInclude Include="ISODATA.h">
      <Filter>Header Files</Filter>
    </ClInclude>
    <ClInclude Include="KLTransDlg.h">
      <Filter>Header Files</Filter>
    </ClInclude>
    <ClInclude Include="LadarPointDlg.h">
      <Filter>Header Files</Filter>
    </ClInclude>
    <ClInclude Include="LinearEnhanceDlg.h">
      <Filter>Header Files</Filter>
    </ClInclude>
    <ClInclude Include="MainFrm.h">
      <Filter>Header Files</Filter>
    </ClInclude>
    <ClInclude Include="Morphology.h">
      <Filter>Header Files</Filter>
    </ClInclude>
    <ClInclude Include="NDVIDlg.h">
      <Filter>Header Files</Filter>
    </ClInclude>
    <ClInclude Include="Openraw.h">
      <Filter>Header Files</Filter>
    </ClInclude>
    <ClInclude Include="PeakDetectDlg.h">
      <Filter>Header Files</Filter>
    </ClInclude>
    <ClInclude Include="PointTrans.h">
      <Filter>Header Files</Filter>
    </ClInclude>
    <ClInclude Include="Resource.h">
      <Filter>Header Files</Filter>
    </ClInclude>
    <ClInclude Include="RotateDlg.h">
      <Filter>Header Files</Filter>
    </ClInclude>
    <ClInclude Include="StdAfx.h">
      <Filter>Header Files</Filter>
    </ClInclude>
    <ClInclude Include="ZoomDlg.h">
      <Filter>Header Files</Filter>
    </ClInclude>
    <ClInclude Include="TestView.h">
      <Filter>Header Files</Filter>
    </ClInclude>
    <ClInclude Include="ViewTestDlg.h">
      <Filter>Header Files</Filter>
    </ClInclude>
  </ItemGroup>
  <ItemGroup>
    <CustomBuild Include="res\bitmap1.bmp">
      <Filter>Resource Files</Filter>
    </CustomBuild>
    <CustomBuild Include="res\ImageProcess.ico">
      <Filter>Resource Files</Filter>
    </CustomBuild>
    <CustomBuild Include="res\ImageProcessDoc.ico">
      <Filter>Resource Files</Filter>
    </CustomBuild>
    <CustomBuild Include="res\Toolbar.bmp">
      <Filter>Resource Files</Filter>
    </CustomBuild>
    <CustomBuild Include="ReadMe.txt" />
  </ItemGroup>
  <ItemGroup>
    <None Include="res\ribbon1.mfcribbon-ms" />
    <None Include="res\tabimg.bmp">
      <Filter>Resource Files</Filter>
    </None>
    <None Include="res\filelarge.bmp">
      <Filter>Resource Files</Filter>
    </None>
    <None Include="res\main.bmp">
      <Filter>Resource Files</Filter>
    </None>
    <None Include="res\bitmap2.bmp">
      <Filter>Resource Files</Filter>
    </None>
    <None Include="res\filesmall.bmp">
      <Filter>Resource Files</Filter>
    </None>
    <None Include="res\writelarge.bmp">
      <Filter>Resource Files</Filter>
    </None>
    <None Include="res\writesmall.bmp">
      <Filter>Resource Files</Filter>
    </None>
  </ItemGroup>
  <ItemGroup>
    <ResourceCompile Include="ImageProcess.rc">
      <Filter>Resource Files</Filter>
    </ResourceCompile>
  </ItemGroup>
</Project>